
Microsoft Visual Studio Solution File, Format Version 12.00
# Visual Studio Version 16
VisualStudioVersion = 16.0.31624.102
MinimumVisualStudioVersion = 10.0.40219.1
Project("{FAE04EC0-301F-11D3-BF4B-00C04F79EFBC}") = "MakingApi", "MakingApi\MakingApi.csproj", "{803E50F5-6031-421E-9B33-C7DF5DC3F2EC}"
EndProject
Global
	GlobalSection(SolutionConfigurationPlatforms) = preSolution
		Debug|Any CPU = Debug|Any CPU
		Release|Any CPU = Release|Any CPU
	EndGlobalSection
	GlobalSection(ProjectConfigurationPlatforms) = postSolution
		{803E50F5-6031-421E-9B33-C7DF5DC3F2EC}.Debug|Any CPU.ActiveCfg = Debug|Any CPU
		{803E50F5-6031-421E-9B33-C7DF5DC3F2EC}.Debug|Any CPU.Build.0 = Debug|Any CPU
		{803E50F5-6031-421E-9B33-C7DF5DC3F2EC}.Release|Any CPU.ActiveCfg = Release|Any CPU
		{803E50F5-6031-421E-9B33-C7DF5DC3F2EC}.Release|Any CPU.Build.0 = Release|Any CPU
	EndGlobalSection
	GlobalSection(SolutionProperties) = preSolution
		HideSolutionNode = FALSE
	EndGlobalSection
	GlobalSection(ExtensibilityGlobals) = postSolution
		SolutionGuid = {28E81205-3782-4861-AAE9-000417890859}
	EndGlobalSection
EndGlobal
